// !$*UTF8*$!
{
	archiveVersion = 1;
	classes = {
	};
	objectVersion = 56;
	objects = {

/* Begin PBXBuildFile section */
		CB222A9F2BDD1BE200BFAFFA /* ComposableArchitecture in Frameworks */ = {isa = PBXBuildFile; productRef = CB222A9E2BDD1BE200BFAFFA /* ComposableArchitecture */; };
		CB84A76E2BDCD4930029524B /* holidayApp.swift in Sources */ = {isa = PBXBuildFile; fileRef = CB84A76D2BDCD4930029524B /* holidayApp.swift */; };
		CB84A7702BDCD4930029524B /* ContentView.swift in Sources */ = {isa = PBXBuildFile; fileRef = CB84A76F2BDCD4930029524B /* ContentView.swift */; };
		CB84A7722BDCD4940029524B /* Assets.xcassets in Resources */ = {isa = PBXBuildFile; fileRef = CB84A7712BDCD4940029524B /* Assets.xcassets */; };
		CB84A7752BDCD4940029524B /* Preview Assets.xcassets in Resources */ = {isa = PBXBuildFile; fileRef = CB84A7742BDCD4940029524B /* Preview Assets.xcassets */; };
		CB84A77F2BDCD4940029524B /* holidayTests.swift in Sources */ = {isa = PBXBuildFile; fileRef = CB84A77E2BDCD4940029524B /* holidayTests.swift */; };
		CB84A7892BDCD4940029524B /* holidayUITests.swift in Sources */ = {isa = PBXBuildFile; fileRef = CB84A7882BDCD4940029524B /* holidayUITests.swift */; };
		CB84A78B2BDCD4940029524B /* holidayUITestsLaunchTests.swift in Sources */ = {isa = PBXBuildFile; fileRef = CB84A78A2BDCD4940029524B /* holidayUITestsLaunchTests.swift */; };
/* End PBXBuildFile section */

/* Begin PBXContainerItemProxy section */
		CB84A77B2BDCD4940029524B /* PBXContainerItemProxy */ = {
			isa = PBXContainerItemProxy;
			containerPortal = CB84A7622BDCD4930029524B /* Project object */;
			proxyType = 1;
			remoteGlobalIDString = CB84A7692BDCD4930029524B;
			remoteInfo = holiday;
		};
		CB84A7852BDCD4940029524B /* PBXContainerItemProxy */ = {
			isa = PBXContainerItemProxy;
			containerPortal = CB84A7622BDCD4930029524B /* Project object */;
			proxyType = 1;
			remoteGlobalIDString = CB84A7692BDCD4930029524B;
			remoteInfo = holiday;
		};
/* End PBXContainerItemProxy section */

/* Begin PBXFileReference section */
		CB84A76A2BDCD4930029524B /* holiday.app */ = {isa = PBXFileReference; explicitFileType = wrapper.application; includeInIndex = 0; path = holiday.app; sourceTree = BUILT_PRODUCTS_DIR; };
		CB84A76D2BDCD4930029524B /* holidayApp.swift */ = {isa = PBXFileReference; lastKnownFileType = sourcecode.swift; path = holidayApp.swift; sourceTree = "<group>"; };
		CB84A76F2BDCD4930029524B /* ContentView.swift */ = {isa = PBXFileReference; lastKnownFileType = sourcecode.swift; path = ContentView.swift; sourceTree = "<group>"; };
		CB84A7712BDCD4940029524B /* Assets.xcassets */ = {isa = PBXFileReference; lastKnownFileType = folder.assetcatalog; path = Assets.xcassets; sourceTree = "<group>"; };
		CB84A7742BDCD4940029524B /* Preview Assets.xcassets */ = {isa = PBXFileReference; lastKnownFileType = folder.assetcatalog; path = "Preview Assets.xcassets"; sourceTree = "<group>"; };
		CB84A77A2BDCD4940029524B /* holidayTests.xctest */ = {isa = PBXFileReference; explicitFileType = wrapper.cfbundle; includeInIndex = 0; path = holidayTests.xctest; sourceTree = BUILT_PRODUCTS_DIR; };
		CB84A77E2BDCD4940029524B /* holidayTests.swift */ = {isa = PBXFileReference; lastKnownFileType = sourcecode.swift; path = holidayTests.swift; sourceTree = "<group>"; };
		CB84A7842BDCD4940029524B /* holidayUITests.xctest */ = {isa = PBXFileReference; explicitFileType = wrapper.cfbundle; includeInIndex = 0; path = holidayUITests.xctest; sourceTree = BUILT_PRODUCTS_DIR; };
		CB84A7882BDCD4940029524B /* holidayUITests.swift */ = {isa = PBXFileReference; lastKnownFileType = sourcecode.swift; path = holidayUITests.swift; sourceTree = "<group>"; };
		CB84A78A2BDCD4940029524B /* holidayUITestsLaunchTests.swift */ = {isa = PBXFileReference; lastKnownFileType = sourcecode.swift; path = holidayUITestsLaunchTests.swift; sourceTree = "<group>"; };
		CB84A7A52BDCFB7D0029524B /* Package.swift */ = {isa = PBXFileReference; lastKnownFileType = sourcecode.swift; path = Package.swift; sourceTree = "<group>"; };
/* End PBXFileReference section */

/* Begin PBXFrameworksBuildPhase section */
		CB84A7672BDCD4930029524B /* Frameworks */ = {
			isa = PBXFrameworksBuildPhase;
			buildActionMask = 2147483647;
			files = (
				CB222A9F2BDD1BE200BFAFFA /* ComposableArchitecture in Frameworks */,
			);
			runOnlyForDeploymentPostprocessing = 0;
		};
		CB84A7772BDCD4940029524B /* Frameworks */ = {
			isa = PBXFrameworksBuildPhase;
			buildActionMask = 2147483647;
			files = (
			);
			runOnlyForDeploymentPostprocessing = 0;
		};
		CB84A7812BDCD4940029524B /* Frameworks */ = {
			isa = PBXFrameworksBuildPhase;
			buildActionMask = 2147483647;
			files = (
			);
			runOnlyForDeploymentPostprocessing = 0;
		};
/* End PBXFrameworksBuildPhase section */

/* Begin PBXGroup section */
		CB84A7612BDCD4930029524B = {
			isa = PBXGroup;
			children = (
				CB84A7A42BDCFB690029524B /* BuildTools */,
				CB84A76C2BDCD4930029524B /* holiday */,
				CB84A77D2BDCD4940029524B /* holidayTests */,
				CB84A7872BDCD4940029524B /* holidayUITests */,
				CB84A76B2BDCD4930029524B /* Products */,
			);
			sourceTree = "<group>";
		};
		CB84A76B2BDCD4930029524B /* Products */ = {
			isa = PBXGroup;
			children = (
				CB84A76A2BDCD4930029524B /* holiday.app */,
				CB84A77A2BDCD4940029524B /* holidayTests.xctest */,
				CB84A7842BDCD4940029524B /* holidayUITests.xctest */,
			);
			name = Products;
			sourceTree = "<group>";
		};
		CB84A76C2BDCD4930029524B /* holiday */ = {
			isa = PBXGroup;
			children = (
				CB84A76D2BDCD4930029524B /* holidayApp.swift */,
				CB84A76F2BDCD4930029524B /* ContentView.swift */,
				CB84A7712BDCD4940029524B /* Assets.xcassets */,
				CB84A7732BDCD4940029524B /* Preview Content */,
			);
			path = holiday;
			sourceTree = "<group>";
		};
		CB84A7732BDCD4940029524B /* Preview Content */ = {
			isa = PBXGroup;
			children = (
				CB84A7742BDCD4940029524B /* Preview Assets.xcassets */,
			);
			path = "Preview Content";
			sourceTree = "<group>";
		};
		CB84A77D2BDCD4940029524B /* holidayTests */ = {
			isa = PBXGroup;
			children = (
				CB84A77E2BDCD4940029524B /* holidayTests.swift */,
			);
			path = holidayTests;
			sourceTree = "<group>";
		};
		CB84A7872BDCD4940029524B /* holidayUITests */ = {
			isa = PBXGroup;
			children = (
				CB84A7882BDCD4940029524B /* holidayUITests.swift */,
				CB84A78A2BDCD4940029524B /* holidayUITestsLaunchTests.swift */,
			);
			path = holidayUITests;
			sourceTree = "<group>";
		};
		CB84A7A42BDCFB690029524B /* BuildTools */ = {
			isa = PBXGroup;
			children = (
				CB84A7A52BDCFB7D0029524B /* Package.swift */,
			);
			path = BuildTools;
			sourceTree = "<group>";
		};
/* End PBXGroup section */

/* Begin PBXNativeTarget section */
		CB84A7692BDCD4930029524B /* holiday */ = {
			isa = PBXNativeTarget;
			buildConfigurationList = CB84A78E2BDCD4940029524B /* Build configuration list for PBXNativeTarget "holiday" */;
			buildPhases = (
				CB84A7A72BDCFBE00029524B /* Run SwiftLint Script */,
				CB84A7662BDCD4930029524B /* Sources */,
				CB84A7672BDCD4930029524B /* Frameworks */,
				CB84A7682BDCD4930029524B /* Resources */,
			);
			buildRules = (
			);
			dependencies = (
			);
			name = holiday;
			packageProductDependencies = (
				CB222A9E2BDD1BE200BFAFFA /* ComposableArchitecture */,
			);
			productName = holiday;
			productReference = CB84A76A2BDCD4930029524B /* holiday.app */;
			productType = "com.apple.product-type.application";
		};
		CB84A7792BDCD4940029524B /* holidayTests */ = {
			isa = PBXNativeTarget;
			buildConfigurationList = CB84A7912BDCD4940029524B /* Build configuration list for PBXNativeTarget "holidayTests" */;
			buildPhases = (
				CB84A7762BDCD4940029524B /* Sources */,
				CB84A7772BDCD4940029524B /* Frameworks */,
				CB84A7782BDCD4940029524B /* Resources */,
			);
			buildRules = (
			);
			dependencies = (
				CB84A77C2BDCD4940029524B /* PBXTargetDependency */,
			);
			name = holidayTests;
			productName = holidayTests;
			productReference = CB84A77A2BDCD4940029524B /* holidayTests.xctest */;
			productType = "com.apple.product-type.bundle.unit-test";
		};
		CB84A7832BDCD4940029524B /* holidayUITests */ = {
			isa = PBXNativeTarget;
			buildConfigurationList = CB84A7942BDCD4940029524B /* Build configuration list for PBXNativeTarget "holidayUITests" */;
			buildPhases = (
				CB84A7802BDCD4940029524B /* Sources */,
				CB84A7812BDCD4940029524B /* Frameworks */,
				CB84A7822BDCD4940029524B /* Resources */,
			);
			buildRules = (
			);
			dependencies = (
				CB84A7862BDCD4940029524B /* PBXTargetDependency */,
			);
			name = holidayUITests;
			productName = holidayUITests;
			productReference = CB84A7842BDCD4940029524B /* holidayUITests.xctest */;
			productType = "com.apple.product-type.bundle.ui-testing";
		};
/* End PBXNativeTarget section */

/* Begin PBXProject section */
		CB84A7622BDCD4930029524B /* Project object */ = {
			isa = PBXProject;
			attributes = {
				BuildIndependentTargetsInParallel = 1;
				LastSwiftUpdateCheck = 1520;
				LastUpgradeCheck = 1520;
				TargetAttributes = {
					CB84A7692BDCD4930029524B = {
						CreatedOnToolsVersion = 15.2;
					};
					CB84A7792BDCD4940029524B = {
						CreatedOnToolsVersion = 15.2;
						TestTargetID = CB84A7692BDCD4930029524B;
					};
					CB84A7832BDCD4940029524B = {
						CreatedOnToolsVersion = 15.2;
						TestTargetID = CB84A7692BDCD4930029524B;
					};
				};
			};
			buildConfigurationList = CB84A7652BDCD4930029524B /* Build configuration list for PBXProject "holiday" */;
			compatibilityVersion = "Xcode 14.0";
			developmentRegion = en;
			hasScannedForEncodings = 0;
			knownRegions = (
				en,
				Base,
			);
			mainGroup = CB84A7612BDCD4930029524B;
			packageReferences = (
				CB222A9D2BDD1BE200BFAFFA /* XCRemoteSwiftPackageReference "swift-composable-architecture" */,
			);
			productRefGroup = CB84A76B2BDCD4930029524B /* Products */;
			projectDirPath = "";
			projectRoot = "";
			targets = (
				CB84A7692BDCD4930029524B /* holiday */,
				CB84A7792BDCD4940029524B /* holidayTests */,
				CB84A7832BDCD4940029524B /* holidayUITests */,
			);
		};
/* End PBXProject section */

/* Begin PBXResourcesBuildPhase section */
		CB84A7682BDCD4930029524B /* Resources */ = {
			isa = PBXResourcesBuildPhase;
			buildActionMask = 2147483647;
			files = (
				CB84A7752BDCD4940029524B /* Preview Assets.xcassets in Resources */,
				CB84A7722BDCD4940029524B /* Assets.xcassets in Resources */,
			);
			runOnlyForDeploymentPostprocessing = 0;
		};
		CB84A7782BDCD4940029524B /* Resources */ = {
			isa = PBXResourcesBuildPhase;
			buildActionMask = 2147483647;
			files = (
			);
			runOnlyForDeploymentPostprocessing = 0;
		};
		CB84A7822BDCD4940029524B /* Resources */ = {
			isa = PBXResourcesBuildPhase;
			buildActionMask = 2147483647;
			files = (
			);
			runOnlyForDeploymentPostprocessing = 0;
		};
/* End PBXResourcesBuildPhase section */

/* Begin PBXShellScriptBuildPhase section */
		CB84A7A72BDCFBE00029524B /* Run SwiftLint Script */ = {
			isa = PBXShellScriptBuildPhase;
			alwaysOutOfDate = 1;
			buildActionMask = 2147483647;
			files = (
			);
			inputFileListPaths = (
			);
			inputPaths = (
			);
			name = "Run SwiftLint Script";
			outputFileListPaths = (
			);
			outputPaths = (
			);
			runOnlyForDeploymentPostprocessing = 0;
			shellPath = /bin/sh;
			shellScript = "cd BuildTools\n\n# SDKROOT=$(xcrun --sdk macosx --show-sdk-path )\n# Uncomment this line temporarily to update the version used to the latest matching your BuildTools/Package.swift file\n# swift package update\n \ncp $SRCROOT/.swiftlint.yml ./\nxcrun --sdk macosx swift run -c release swiftlint --fix $SRCROOT/\nrm .swiftlint.yml\n";
		};
/* End PBXShellScriptBuildPhase section */

/* Begin PBXSourcesBuildPhase section */
		CB84A7662BDCD4930029524B /* Sources */ = {
			isa = PBXSourcesBuildPhase;
			buildActionMask = 2147483647;
			files = (
				CB84A7702BDCD4930029524B /* ContentView.swift in Sources */,
				CB84A76E2BDCD4930029524B /* holidayApp.swift in Sources */,
			);
			runOnlyForDeploymentPostprocessing = 0;
		};
		CB84A7762BDCD4940029524B /* Sources */ = {
			isa = PBXSourcesBuildPhase;
			buildActionMask = 2147483647;
			files = (
				CB84A77F2BDCD4940029524B /* holidayTests.swift in Sources */,
			);
			runOnlyForDeploymentPostprocessing = 0;
		};
		CB84A7802BDCD4940029524B /* Sources */ = {
			isa = PBXSourcesBuildPhase;
			buildActionMask = 2147483647;
			files = (
				CB84A7892BDCD4940029524B /* holidayUITests.swift in Sources */,
				CB84A78B2BDCD4940029524B /* holidayUITestsLaunchTests.swift in Sources */,
			);
			runOnlyForDeploymentPostprocessing = 0;
		};
/* End PBXSourcesBuildPhase section */

/* Begin PBXTargetDependency section */
		CB84A77C2BDCD4940029524B /* PBXTargetDependency */ = {
			isa = PBXTargetDependency;
			target = CB84A7692BDCD4930029524B /* holiday */;
			targetProxy = CB84A77B2BDCD4940029524B /* PBXContainerItemProxy */;
		};
		CB84A7862BDCD4940029524B /* PBXTargetDependency */ = {
			isa = PBXTargetDependency;
			target = CB84A7692BDCD4930029524B /* holiday */;
			targetProxy = CB84A7852BDCD4940029524B /* PBXContainerItemProxy */;
		};
/* End PBXTargetDependency section */

/* Begin XCBuildConfiguration section */
		CB84A78C2BDCD4940029524B /* Debug */ = {
			isa = XCBuildConfiguration;
			buildSettings = {
				ALWAYS_SEARCH_USER_PATHS = NO;
				ASSETCATALOG_COMPILER_GENERATE_SWIFT_ASSET_SYMBOL_EXTENSIONS = YES;
				CLANG_ANALYZER_NONNULL = YES;
				CLANG_ANALYZER_NUMBER_OBJECT_CONVERSION = YES_AGGRESSIVE;
				CLANG_CXX_LANGUAGE_STANDARD = "gnu++20";
				CLANG_ENABLE_MODULES = YES;
				CLANG_ENABLE_OBJC_ARC = YES;
				CLANG_ENABLE_OBJC_WEAK = YES;
				CLANG_WARN_BLOCK_CAPTURE_AUTORELEASING = YES;
				CLANG_WARN_BOOL_CONVERSION = YES;
				CLANG_WARN_COMMA = YES;
				CLANG_WARN_CONSTANT_CONVERSION = YES;
				CLANG_WARN_DEPRECATED_OBJC_IMPLEMENTATIONS = YES;
				CLANG_WARN_DIRECT_OBJC_ISA_USAGE = YES_ERROR;
				CLANG_WARN_DOCUMENTATION_COMMENTS = YES;
				CLANG_WARN_EMPTY_BODY = YES;
				CLANG_WARN_ENUM_CONVERSION = YES;
				CLANG_WARN_INFINITE_RECURSION = YES;
				CLANG_WARN_INT_CONVERSION = YES;
				CLANG_WARN_NON_LITERAL_NULL_CONVERSION = YES;
				CLANG_WARN_OBJC_IMPLICIT_RETAIN_SELF = YES;
				CLANG_WARN_OBJC_LITERAL_CONVERSION = YES;
				CLANG_WARN_OBJC_ROOT_CLASS = YES_ERROR;
				CLANG_WARN_QUOTED_INCLUDE_IN_FRAMEWORK_HEADER = YES;
				CLANG_WARN_RANGE_LOOP_ANALYSIS = YES;
				CLANG_WARN_STRICT_PROTOTYPES = YES;
				CLANG_WARN_SUSPICIOUS_MOVE = YES;
				CLANG_WARN_UNGUARDED_AVAILABILITY = YES_AGGRESSIVE;
				CLANG_WARN_UNREACHABLE_CODE = YES;
				CLANG_WARN__DUPLICATE_METHOD_MATCH = YES;
				COPY_PHASE_STRIP = NO;
				DEBUG_INFORMATION_FORMAT = dwarf;
				ENABLE_STRICT_OBJC_MSGSEND = YES;
				ENABLE_TESTABILITY = YES;
				ENABLE_USER_SCRIPT_SANDBOXING = NO;
				GCC_C_LANGUAGE_STANDARD = gnu17;
				GCC_DYNAMIC_NO_PIC = NO;
				GCC_NO_COMMON_BLOCKS = YES;
				GCC_OPTIMIZATION_LEVEL = 0;
				GCC_PREPROCESSOR_DEFINITIONS = (
					"DEBUG=1",
					"$(inherited)",
				);
				GCC_WARN_64_TO_32_BIT_CONVERSION = YES;
				GCC_WARN_ABOUT_RETURN_TYPE = YES_ERROR;
				GCC_WARN_UNDECLARED_SELECTOR = YES;
				GCC_WARN_UNINITIALIZED_AUTOS = YES_AGGRESSIVE;
				GCC_WARN_UNUSED_FUNCTION = YES;
				GCC_WARN_UNUSED_VARIABLE = YES;
				IPHONEOS_DEPLOYMENT_TARGET = 17.2;
				LOCALIZATION_PREFERS_STRING_CATALOGS = YES;
				MTL_ENABLE_DEBUG_INFO = INCLUDE_SOURCE;
				MTL_FAST_MATH = YES;
				ONLY_ACTIVE_ARCH = YES;
				SDKROOT = iphoneos;
				SWIFT_ACTIVE_COMPILATION_CONDITIONS = "DEBUG $(inherited)";
				SWIFT_OPTIMIZATION_LEVEL = "-Onone";
			};
			name = Debug;
		};
		CB84A78D2BDCD4940029524B /* Release */ = {
			isa = XCBuildConfiguration;
			buildSettings = {
				ALWAYS_SEARCH_USER_PATHS = NO;
				ASSETCATALOG_COMPILER_GENERATE_SWIFT_ASSET_SYMBOL_EXTENSIONS = YES;
				CLANG_ANALYZER_NONNULL = YES;
				CLANG_ANALYZER_NUMBER_OBJECT_CONVERSION = YES_AGGRESSIVE;
				CLANG_CXX_LANGUAGE_STANDARD = "gnu++20";
				CLANG_ENABLE_MODULES = YES;
				CLANG_ENABLE_OBJC_ARC = YES;
				CLANG_ENABLE_OBJC_WEAK = YES;
				CLANG_WARN_BLOCK_CAPTURE_AUTORELEASING = YES;
				CLANG_WARN_BOOL_CONVERSION = YES;
				CLANG_WARN_COMMA = YES;
				CLANG_WARN_CONSTANT_CONVERSION = YES;
				CLANG_WARN_DEPRECATED_OBJC_IMPLEMENTATIONS = YES;
				CLANG_WARN_DIRECT_OBJC_ISA_USAGE = YES_ERROR;
				CLANG_WARN_DOCUMENTATION_COMMENTS = YES;
				CLANG_WARN_EMPTY_BODY = YES;
				CLANG_WARN_ENUM_CONVERSION = YES;
				CLANG_WARN_INFINITE_RECURSION = YES;
				CLANG_WARN_INT_CONVERSION = YES;
				CLANG_WARN_NON_LITERAL_NULL_CONVERSION = YES;
				CLANG_WARN_OBJC_IMPLICIT_RETAIN_SELF = YES;
				CLANG_WARN_OBJC_LITERAL_CONVERSION = YES;
				CLANG_WARN_OBJC_ROOT_CLASS = YES_ERROR;
				CLANG_WARN_QUOTED_INCLUDE_IN_FRAMEWORK_HEADER = YES;
				CLANG_WARN_RANGE_LOOP_ANALYSIS = YES;
				CLANG_WARN_STRICT_PROTOTYPES = YES;
				CLANG_WARN_SUSPICIOUS_MOVE = YES;
				CLANG_WARN_UNGUARDED_AVAILABILITY = YES_AGGRESSIVE;
				CLANG_WARN_UNREACHABLE_CODE = YES;
				CLANG_WARN__DUPLICATE_METHOD_MATCH = YES;
				COPY_PHASE_STRIP = NO;
				DEBUG_INFORMATION_FORMAT = "dwarf-with-dsym";
				ENABLE_NS_ASSERTIONS = NO;
				ENABLE_STRICT_OBJC_MSGSEND = YES;
				ENABLE_USER_SCRIPT_SANDBOXING = NO;
				GCC_C_LANGUAGE_STANDARD = gnu17;
				GCC_NO_COMMON_BLOCKS = YES;
				GCC_WARN_64_TO_32_BIT_CONVERSION = YES;
				GCC_WARN_ABOUT_RETURN_TYPE = YES_ERROR;
				GCC_WARN_UNDECLARED_SELECTOR = YES;
				GCC_WARN_UNINITIALIZED_AUTOS = YES_AGGRESSIVE;
				GCC_WARN_UNUSED_FUNCTION = YES;
				GCC_WARN_UNUSED_VARIABLE = YES;
				IPHONEOS_DEPLOYMENT_TARGET = 17.2;
				LOCALIZATION_PREFERS_STRING_CATALOGS = YES;
				MTL_ENABLE_DEBUG_INFO = NO;
				MTL_FAST_MATH = YES;
				SDKROOT = iphoneos;
				SWIFT_COMPILATION_MODE = wholemodule;
				VALIDATE_PRODUCT = YES;
			};
			name = Release;
		};
		CB84A78F2BDCD4940029524B /* Debug */ = {
			isa = XCBuildConfiguration;
			buildSettings = {
				ASSETCATALOG_COMPILER_APPICON_NAME = AppIcon;
				ASSETCATALOG_COMPILER_GLOBAL_ACCENT_COLOR_NAME = AccentColor;
				CODE_SIGN_STYLE = Automatic;
				CURRENT_PROJECT_VERSION = 1;
				DEVELOPMENT_ASSET_PATHS = "\"holiday/Preview Content\"";
				DEVELOPMENT_TEAM = 6L95GP9HQV;
				ENABLE_PREVIEWS = YES;
				GENERATE_INFOPLIST_FILE = YES;
				INFOPLIST_KEY_UIApplicationSceneManifest_Generation = YES;
				INFOPLIST_KEY_UIApplicationSupportsIndirectInputEvents = YES;
				INFOPLIST_KEY_UILaunchScreen_Generation = YES;
				INFOPLIST_KEY_UISupportedInterfaceOrientations_iPad = "UIInterfaceOrientationPortrait UIInterfaceOrientationPortraitUpsideDown UIInterfaceOrientationLandscapeLeft UIInterfaceOrientationLandscapeRight";
				INFOPLIST_KEY_UISupportedInterfaceOrientations_iPhone = "UIInterfaceOrientationPortrait UIInterfaceOrientationLandscapeLeft UIInterfaceOrientationLandscapeRight";
				LD_RUNPATH_SEARCH_PATHS = (
					"$(inherited)",
					"@executable_path/Frameworks",
				);
				MARKETING_VERSION = 1.0;
				PRODUCT_BUNDLE_IDENTIFIER = tomsan96.holiday;
				PRODUCT_NAME = "$(TARGET_NAME)";
				SWIFT_EMIT_LOC_STRINGS = YES;
				SWIFT_VERSION = 5.0;
				TARGETED_DEVICE_FAMILY = "1,2";
			};
			name = Debug;
		};
		CB84A7902BDCD4940029524B /* Release */ = {
			isa = XCBuildConfiguration;
			buildSettings = {
				ASSETCATALOG_COMPILER_APPICON_NAME = AppIcon;
				ASSETCATALOG_COMPILER_GLOBAL_ACCENT_COLOR_NAME = AccentColor;
				CODE_SIGN_STYLE = Automatic;
				CURRENT_PROJECT_VERSION = 1;
				DEVELOPMENT_ASSET_PATHS = "\"holiday/Preview Content\"";
				DEVELOPMENT_TEAM = 6L95GP9HQV;
				ENABLE_PREVIEWS = YES;
				GENERATE_INFOPLIST_FILE = YES;
				INFOPLIST_KEY_UIApplicationSceneManifest_Generation = YES;
				INFOPLIST_KEY_UIApplicationSupportsIndirectInputEvents = YES;
				INFOPLIST_KEY_UILaunchScreen_Generation = YES;
				INFOPLIST_KEY_UISupportedInterfaceOrientations_iPad = "UIInterfaceOrientationPortrait UIInterfaceOrientationPortraitUpsideDown UIInterfaceOrientationLandscapeLeft UIInterfaceOrientationLandscapeRight";
				INFOPLIST_KEY_UISupportedInterfaceOrientations_iPhone = "UIInterfaceOrientationPortrait UIInterfaceOrientationLandscapeLeft UIInterfaceOrientationLandscapeRight";
				LD_RUNPATH_SEARCH_PATHS = (
					"$(inherited)",
					"@executable_path/Frameworks",
				);
				MARKETING_VERSION = 1.0;
				PRODUCT_BUNDLE_IDENTIFIER = tomsan96.holiday;
				PRODUCT_NAME = "$(TARGET_NAME)";
				SWIFT_EMIT_LOC_STRINGS = YES;
				SWIFT_VERSION = 5.0;
				TARGETED_DEVICE_FAMILY = "1,2";
			};
			name = Release;
		};
		CB84A7922BDCD4940029524B /* Debug */ = {
			isa = XCBuildConfiguration;
			buildSettings = {
				ALWAYS_EMBED_SWIFT_STANDARD_LIBRARIES = YES;
				BUNDLE_LOADER = "$(TEST_HOST)";
				CODE_SIGN_STYLE = Automatic;
				CURRENT_PROJECT_VERSION = 1;
				DEVELOPMENT_TEAM = 6L95GP9HQV;
				GENERATE_INFOPLIST_FILE = YES;
				IPHONEOS_DEPLOYMENT_TARGET = 17.2;
				MARKETING_VERSION = 1.0;
				PRODUCT_BUNDLE_IDENTIFIER = tomsan96.holidayTests;
				PRODUCT_NAME = "$(TARGET_NAME)";
				SWIFT_EMIT_LOC_STRINGS = NO;
				SWIFT_VERSION = 5.0;
				TARGETED_DEVICE_FAMILY = "1,2";
				TEST_HOST = "$(BUILT_PRODUCTS_DIR)/holiday.app/$(BUNDLE_EXECUTABLE_FOLDER_PATH)/holiday";
			};
			name = Debug;
		};
		CB84A7932BDCD4940029524B /* Release */ = {
			isa = XCBuildConfiguration;
			buildSettings = {
				ALWAYS_EMBED_SWIFT_STANDARD_LIBRARIES = YES;
				BUNDLE_LOADER = "$(TEST_HOST)";
				CODE_SIGN_STYLE = Automatic;
				CURRENT_PROJECT_VERSION = 1;
				DEVELOPMENT_TEAM = 6L95GP9HQV;
				GENERATE_INFOPLIST_FILE = YES;
				IPHONEOS_DEPLOYMENT_TARGET = 17.2;
				MARKETING_VERSION = 1.0;
				PRODUCT_BUNDLE_IDENTIFIER = tomsan96.holidayTests;
				PRODUCT_NAME = "$(TARGET_NAME)";
				SWIFT_EMIT_LOC_STRINGS = NO;
				SWIFT_VERSION = 5.0;
				TARGETED_DEVICE_FAMILY = "1,2";
				TEST_HOST = "$(BUILT_PRODUCTS_DIR)/holiday.app/$(BUNDLE_EXECUTABLE_FOLDER_PATH)/holiday";
			};
			name = Release;
		};
		CB84A7952BDCD4940029524B /* Debug */ = {
			isa = XCBuildConfiguration;
			buildSettings = {
				ALWAYS_EMBED_SWIFT_STANDARD_LIBRARIES = YES;
				CODE_SIGN_STYLE = Automatic;
				CURRENT_PROJECT_VERSION = 1;
				DEVELOPMENT_TEAM = 6L95GP9HQV;
				GENERATE_INFOPLIST_FILE = YES;
				MARKETING_VERSION = 1.0;
				PRODUCT_BUNDLE_IDENTIFIER = tomsan96.holidayUITests;
				PRODUCT_NAME = "$(TARGET_NAME)";
				SWIFT_EMIT_LOC_STRINGS = NO;
				SWIFT_VERSION = 5.0;
				TARGETED_DEVICE_FAMILY = "1,2";
				TEST_TARGET_NAME = holiday;
			};
			name = Debug;
		};
		CB84A7962BDCD4940029524B /* Release */ = {
			isa = XCBuildConfiguration;
			buildSettings = {
				ALWAYS_EMBED_SWIFT_STANDARD_LIBRARIES = YES;
				CODE_SIGN_STYLE = Automatic;
				CURRENT_PROJECT_VERSION = 1;
				DEVELOPMENT_TEAM = 6L95GP9HQV;
				GENERATE_INFOPLIST_FILE = YES;
				MARKETING_VERSION = 1.0;
				PRODUCT_BUNDLE_IDENTIFIER = tomsan96.holidayUITests;
				PRODUCT_NAME = "$(TARGET_NAME)";
				SWIFT_EMIT_LOC_STRINGS = NO;
				SWIFT_VERSION = 5.0;
				TARGETED_DEVICE_FAMILY = "1,2";
				TEST_TARGET_NAME = holiday;
			};
			name = Release;
		};
/* End XCBuildConfiguration section */

/* Begin XCConfigurationList section */
		CB84A7652BDCD4930029524B /* Build configuration list for PBXProject "holiday" */ = {
			isa = XCConfigurationList;
			buildConfigurations = (
				CB84A78C2BDCD4940029524B /* Debug */,
				CB84A78D2BDCD4940029524B /* Release */,
			);
			defaultConfigurationIsVisible = 0;
			defaultConfigurationName = Release;
		};
		CB84A78E2BDCD4940029524B /* Build configuration list for PBXNativeTarget "holiday" */ = {
			isa = XCConfigurationList;
			buildConfigurations = (
				CB84A78F2BDCD4940029524B /* Debug */,
				CB84A7902BDCD4940029524B /* Release */,
			);
			defaultConfigurationIsVisible = 0;
			defaultConfigurationName = Release;
		};
		CB84A7912BDCD4940029524B /* Build configuration list for PBXNativeTarget "holidayTests" */ = {
			isa = XCConfigurationList;
			buildConfigurations = (
				CB84A7922BDCD4940029524B /* Debug */,
				CB84A7932BDCD4940029524B /* Release */,
			);
			defaultConfigurationIsVisible = 0;
			defaultConfigurationName = Release;
		};
		CB84A7942BDCD4940029524B /* Build configuration list for PBXNativeTarget "holidayUITests" */ = {
			isa = XCConfigurationList;
			buildConfigurations = (
				CB84A7952BDCD4940029524B /* Debug */,
				CB84A7962BDCD4940029524B /* Release */,
			);
			defaultConfigurationIsVisible = 0;
			defaultConfigurationName = Release;
		};
/* End XCConfigurationList section */

/* Begin XCRemoteSwiftPackageReference section */
		CB222A9D2BDD1BE200BFAFFA /* XCRemoteSwiftPackageReference "swift-composable-architecture" */ = {
			isa = XCRemoteSwiftPackageReference;
			repositoryURL = "http://github.com/pointfreeco/swift-composable-architecture#Installation";
			requirement = {
				kind = upToNextMajorVersion;
				minimumVersion = 1.9.3;
			};
		};
/* End XCRemoteSwiftPackageReference section */

/* Begin XCSwiftPackageProductDependency section */
		CB222A9E2BDD1BE200BFAFFA /* ComposableArchitecture */ = {
			isa = XCSwiftPackageProductDependency;
			package = CB222A9D2BDD1BE200BFAFFA /* XCRemoteSwiftPackageReference "swift-composable-architecture" */;
			productName = ComposableArchitecture;
		};
/* End XCSwiftPackageProductDependency section */
	};
	rootObject = CB84A7622BDCD4930029524B /* Project object */;
}
